{
    "_readme": [
        "This file locks the dependencies of your project to a known state",
        "Read more about it at https://getcomposer.org/doc/01-basic-usage.md#composer-lock-the-lock-file",
        "This file is @generated automatically"
    ],
    "content-hash": "3dc1cf8134f299a7d59044187e8c4526",
    "packages": [
        {
            "name": "pusher/pusher-php-server",
            "version": "v3.0.1",
            "source": {
                "type": "git",
                "url": "https://github.com/pusher/pusher-http-php.git",
                "reference": "03d3417748fc70a889c97271e25e282ff1ff0ae3"
            },
            "dist": {
                "type": "zip",
                "url": "https://api.github.com/repos/pusher/pusher-http-php/zipball/03d3417748fc70a889c97271e25e282ff1ff0ae3",
                "reference": "03d3417748fc70a889c97271e25e282ff1ff0ae3",
                "shasum": ""
            },
            "require": {
                "ext-curl": "*",
                "php": "^5.4 || ^7.0"
            },
            "require-dev": {
                "phpunit/phpunit": "^4.8 || ^5.7"
            },
            "type": "library",
            "extra": {
                "branch-alias": {
                    "dev-master": "3.0-dev"
                }
            },
            "autoload": {
                "psr-4": {
                    "Pusher\\": "src/"
                }
            },
            "notification-url": "https://packagist.org/downloads/",
            "license": [
                "MIT"
            ],
            "description": "Library for interacting with the Pusher REST API",
            "keywords": [
                "events",
                "messaging",
                "php-pusher-server",
                "publish",
                "push",
                "pusher",
                "real time",
                "real-time",
                "realtime",
                "rest",
                "trigger"
            ],
            "time": "2017-10-20T11:18:01+00:00"
        }
    ],
    "packages-dev": [],
    "aliases": [],
    "minimum-stability": "stable",
    "stability-flags": [],
    "prefer-stable": false,
    "prefer-lowest": false,
    "platform": [],
    "platform-dev": []
}
